// !$*UTF8*$!
{
	archiveVersion = 1;
	classes = {
	};
	objectVersion = 46;
	objects = {

/* Begin PBXBuildFile section */
		D74870B91C764AB9003D8E5A /* ObservationTableViewController.swift in Sources */ = {isa = PBXBuildFile; fileRef = D74870B81C764AB9003D8E5A /* ObservationTableViewController.swift */; };
		D74870BB1C7653A4003D8E5A /* LogTableViewController.swift in Sources */ = {isa = PBXBuildFile; fileRef = D74870BA1C7653A4003D8E5A /* LogTableViewController.swift */; };
		D74870BD1C765F9A003D8E5A /* Observations.swift in Sources */ = {isa = PBXBuildFile; fileRef = D74870BC1C765F9A003D8E5A /* Observations.swift */; };
		D74870BF1C767324003D8E5A /* ObservationViewController.swift in Sources */ = {isa = PBXBuildFile; fileRef = D74870BE1C767324003D8E5A /* ObservationViewController.swift */; };
		D74870C11C7777B9003D8E5A /* TESTViewController.swift in Sources */ = {isa = PBXBuildFile; fileRef = D74870C01C7777B9003D8E5A /* TESTViewController.swift */; };
		D7ED17A71C63DED700CA7B2A /* AppDelegate.swift in Sources */ = {isa = PBXBuildFile; fileRef = D7ED17A61C63DED700CA7B2A /* AppDelegate.swift */; };
		D7ED17A91C63DED700CA7B2A /* ViewController.swift in Sources */ = {isa = PBXBuildFile; fileRef = D7ED17A81C63DED700CA7B2A /* ViewController.swift */; };
		D7ED17AC1C63DED700CA7B2A /* Main.storyboard in Resources */ = {isa = PBXBuildFile; fileRef = D7ED17AA1C63DED700CA7B2A /* Main.storyboard */; };
		D7ED17AE1C63DED700CA7B2A /* Assets.xcassets in Resources */ = {isa = PBXBuildFile; fileRef = D7ED17AD1C63DED700CA7B2A /* Assets.xcassets */; };
		D7ED17B11C63DED700CA7B2A /* LaunchScreen.storyboard in Resources */ = {isa = PBXBuildFile; fileRef = D7ED17AF1C63DED700CA7B2A /* LaunchScreen.storyboard */; };
		D7ED17B91C63DFA000CA7B2A /* README.md in Sources */ = {isa = PBXBuildFile; fileRef = D7ED17B81C63DFA000CA7B2A /* README.md */; };
		D7ED17BF1C63E48900CA7B2A /* AddViewController.swift in Sources */ = {isa = PBXBuildFile; fileRef = D7ED17BE1C63E48900CA7B2A /* AddViewController.swift */; };
		D7ED17C11C63E4BE00CA7B2A /* AboutViewController.swift in Sources */ = {isa = PBXBuildFile; fileRef = D7ED17C01C63E4BE00CA7B2A /* AboutViewController.swift */; };
		D7ED17C91C64EEE400CA7B2A /* Observation.swift in Sources */ = {isa = PBXBuildFile; fileRef = D7ED17C81C64EEE400CA7B2A /* Observation.swift */; };
		D7ED17CB1C6504A900CA7B2A /* Entry.swift in Sources */ = {isa = PBXBuildFile; fileRef = D7ED17CA1C6504A900CA7B2A /* Entry.swift */; };
/* End PBXBuildFile section */

/* Begin PBXFileReference section */
		D74870B81C764AB9003D8E5A /* ObservationTableViewController.swift */ = {isa = PBXFileReference; fileEncoding = 4; lastKnownFileType = sourcecode.swift; path = ObservationTableViewController.swift; sourceTree = "<group>"; };
		D74870BA1C7653A4003D8E5A /* LogTableViewController.swift */ = {isa = PBXFileReference; fileEncoding = 4; lastKnownFileType = sourcecode.swift; path = LogTableViewController.swift; sourceTree = "<group>"; };
		D74870BC1C765F9A003D8E5A /* Observations.swift */ = {isa = PBXFileReference; fileEncoding = 4; lastKnownFileType = sourcecode.swift; path = Observations.swift; sourceTree = "<group>"; };
		D74870BE1C767324003D8E5A /* ObservationViewController.swift */ = {isa = PBXFileReference; fileEncoding = 4; lastKnownFileType = sourcecode.swift; path = ObservationViewController.swift; sourceTree = "<group>"; };
		D74870C01C7777B9003D8E5A /* TESTViewController.swift */ = {isa = PBXFileReference; fileEncoding = 4; lastKnownFileType = sourcecode.swift; path = TESTViewController.swift; sourceTree = "<group>"; };
		D7ED17A31C63DED700CA7B2A /* AstroObservationLog.app */ = {isa = PBXFileReference; explicitFileType = wrapper.application; includeInIndex = 0; path = AstroObservationLog.app; sourceTree = BUILT_PRODUCTS_DIR; };
		D7ED17A61C63DED700CA7B2A /* AppDelegate.swift */ = {isa = PBXFileReference; lastKnownFileType = sourcecode.swift; path = AppDelegate.swift; sourceTree = "<group>"; };
		D7ED17A81C63DED700CA7B2A /* ViewController.swift */ = {isa = PBXFileReference; lastKnownFileType = sourcecode.swift; path = ViewController.swift; sourceTree = "<group>"; };
		D7ED17AB1C63DED700CA7B2A /* Base */ = {isa = PBXFileReference; lastKnownFileType = file.storyboard; name = Base; path = Base.lproj/Main.storyboard; sourceTree = "<group>"; };
		D7ED17AD1C63DED700CA7B2A /* Assets.xcassets */ = {isa = PBXFileReference; lastKnownFileType = folder.assetcatalog; path = Assets.xcassets; sourceTree = "<group>"; };
		D7ED17B01C63DED700CA7B2A /* Base */ = {isa = PBXFileReference; lastKnownFileType = file.storyboard; name = Base; path = Base.lproj/LaunchScreen.storyboard; sourceTree = "<group>"; };
		D7ED17B21C63DED700CA7B2A /* Info.plist */ = {isa = PBXFileReference; lastKnownFileType = text.plist.xml; path = Info.plist; sourceTree = "<group>"; };
		D7ED17B81C63DFA000CA7B2A /* README.md */ = {isa = PBXFileReference; fileEncoding = 4; lastKnownFileType = net.daringfireball.markdown; path = README.md; sourceTree = "<group>"; };
		D7ED17BE1C63E48900CA7B2A /* AddViewController.swift */ = {isa = PBXFileReference; fileEncoding = 4; lastKnownFileType = sourcecode.swift; path = AddViewController.swift; sourceTree = "<group>"; };
		D7ED17C01C63E4BE00CA7B2A /* AboutViewController.swift */ = {isa = PBXFileReference; fileEncoding = 4; lastKnownFileType = sourcecode.swift; path = AboutViewController.swift; sourceTree = "<group>"; };
		D7ED17C81C64EEE400CA7B2A /* Observation.swift */ = {isa = PBXFileReference; fileEncoding = 4; lastKnownFileType = sourcecode.swift; path = Observation.swift; sourceTree = "<group>"; };
		D7ED17CA1C6504A900CA7B2A /* Entry.swift */ = {isa = PBXFileReference; fileEncoding = 4; lastKnownFileType = sourcecode.swift; path = Entry.swift; sourceTree = "<group>"; };
/* End PBXFileReference section */

/* Begin PBXFrameworksBuildPhase section */
		D7ED17A01C63DED700CA7B2A /* Frameworks */ = {
			isa = PBXFrameworksBuildPhase;
			buildActionMask = 2147483647;
			files = (
			);
			runOnlyForDeploymentPostprocessing = 0;
		};
/* End PBXFrameworksBuildPhase section */

/* Begin PBXGroup section */
		D7ED179A1C63DED700CA7B2A = {
			isa = PBXGroup;
			children = (
				D7ED17B81C63DFA000CA7B2A /* README.md */,
				D7ED17A51C63DED700CA7B2A /* AstroObservationLog */,
				D7ED17A41C63DED700CA7B2A /* Products */,
			);
			sourceTree = "<group>";
		};
		D7ED17A41C63DED700CA7B2A /* Products */ = {
			isa = PBXGroup;
			children = (
				D7ED17A31C63DED700CA7B2A /* AstroObservationLog.app */,
			);
			name = Products;
			sourceTree = "<group>";
		};
		D7ED17A51C63DED700CA7B2A /* AstroObservationLog */ = {
			isa = PBXGroup;
			children = (
				D7ED17A61C63DED700CA7B2A /* AppDelegate.swift */,
				D7ED17A81C63DED700CA7B2A /* ViewController.swift */,
				D7ED17AA1C63DED700CA7B2A /* Main.storyboard */,
				D7ED17AD1C63DED700CA7B2A /* Assets.xcassets */,
				D7ED17AF1C63DED700CA7B2A /* LaunchScreen.storyboard */,
				D7ED17B21C63DED700CA7B2A /* Info.plist */,
				D7ED17BE1C63E48900CA7B2A /* AddViewController.swift */,
				D7ED17C01C63E4BE00CA7B2A /* AboutViewController.swift */,
				D7ED17CA1C6504A900CA7B2A /* Entry.swift */,
				D74870BA1C7653A4003D8E5A /* LogTableViewController.swift */,
				D74870BE1C767324003D8E5A /* ObservationViewController.swift */,
				D74870B81C764AB9003D8E5A /* ObservationTableViewController.swift */,
				D74870BC1C765F9A003D8E5A /* Observations.swift */,
				D7ED17C81C64EEE400CA7B2A /* Observation.swift */,
				D74870C01C7777B9003D8E5A /* TESTViewController.swift */,
			);
			path = AstroObservationLog;
			sourceTree = "<group>";
		};
/* End PBXGroup section */

/* Begin PBXNativeTarget section */
		D7ED17A21C63DED700CA7B2A /* AstroObservationLog */ = {
			isa = PBXNativeTarget;
			buildConfigurationList = D7ED17B51C63DED700CA7B2A /* Build configuration list for PBXNativeTarget "AstroObservationLog" */;
			buildPhases = (
				D7ED179F1C63DED700CA7B2A /* Sources */,
				D7ED17A01C63DED700CA7B2A /* Frameworks */,
				D7ED17A11C63DED700CA7B2A /* Resources */,
			);
			buildRules = (
			);
			dependencies = (
			);
			name = AstroObservationLog;
			productName = AstroObservationLog;
			productReference = D7ED17A31C63DED700CA7B2A /* AstroObservationLog.app */;
			productType = "com.apple.product-type.application";
		};
/* End PBXNativeTarget section */

/* Begin PBXProject section */
		D7ED179B1C63DED700CA7B2A /* Project object */ = {
			isa = PBXProject;
			attributes = {
				LastSwiftUpdateCheck = 0720;
				LastUpgradeCheck = 0720;
				ORGANIZATIONNAME = Lovering;
				TargetAttributes = {
					D7ED17A21C63DED700CA7B2A = {
						CreatedOnToolsVersion = 7.2;
					};
				};
			};
			buildConfigurationList = D7ED179E1C63DED700CA7B2A /* Build configuration list for PBXProject "AstroObservationLog" */;
			compatibilityVersion = "Xcode 3.2";
			developmentRegion = English;
			hasScannedForEncodings = 0;
			knownRegions = (
				en,
				Base,
			);
			mainGroup = D7ED179A1C63DED700CA7B2A;
			productRefGroup = D7ED17A41C63DED700CA7B2A /* Products */;
			projectDirPath = "";
			projectRoot = "";
			targets = (
				D7ED17A21C63DED700CA7B2A /* AstroObservationLog */,
			);
		};
/* End PBXProject section */

/* Begin PBXResourcesBuildPhase section */
		D7ED17A11C63DED700CA7B2A /* Resources */ = {
			isa = PBXResourcesBuildPhase;
			buildActionMask = 2147483647;
			files = (
				D7ED17B11C63DED700CA7B2A /* LaunchScreen.storyboard in Resources */,
				D7ED17AE1C63DED700CA7B2A /* Assets.xcassets in Resources */,
				D7ED17AC1C63DED700CA7B2A /* Main.storyboard in Resources */,
			);
			runOnlyForDeploymentPostprocessing = 0;
		};
/* End PBXResourcesBuildPhase section */

/* Begin PBXSourcesBuildPhase section */
		D7ED179F1C63DED700CA7B2A /* Sources */ = {
			isa = PBXSourcesBuildPhase;
			buildActionMask = 2147483647;
			files = (
				D7ED17C91C64EEE400CA7B2A /* Observation.swift in Sources */,
				D7ED17C11C63E4BE00CA7B2A /* AboutViewController.swift in Sources */,
				D74870BB1C7653A4003D8E5A /* LogTableViewController.swift in Sources */,
				D74870B91C764AB9003D8E5A /* ObservationTableViewController.swift in Sources */,
				D74870BF1C767324003D8E5A /* ObservationViewController.swift in Sources */,
				D7ED17BF1C63E48900CA7B2A /* AddViewController.swift in Sources */,
				D7ED17B91C63DFA000CA7B2A /* README.md in Sources */,
				D7ED17A91C63DED700CA7B2A /* ViewController.swift in Sources */,
				D7ED17CB1C6504A900CA7B2A /* Entry.swift in Sources */,
				D74870BD1C765F9A003D8E5A /* Observations.swift in Sources */,
				D74870C11C7777B9003D8E5A /* TESTViewController.swift in Sources */,
				D7ED17A71C63DED700CA7B2A /* AppDelegate.swift in Sources */,
			);
			runOnlyForDeploymentPostprocessing = 0;
		};
/* End PBXSourcesBuildPhase section */

/* Begin PBXVariantGroup section */
		D7ED17AA1C63DED700CA7B2A /* Main.storyboard */ = {
			isa = PBXVariantGroup;
			children = (
				D7ED17AB1C63DED700CA7B2A /* Base */,
			);
			name = Main.storyboard;
			sourceTree = "<group>";
		};
		D7ED17AF1C63DED700CA7B2A /* LaunchScreen.storyboard */ = {
			isa = PBXVariantGroup;
			children = (
				D7ED17B01C63DED700CA7B2A /* Base */,
			);
			name = LaunchScreen.storyboard;
			sourceTree = "<group>";
		};
/* End PBXVariantGroup section */

/* Begin XCBuildConfiguration section */
		D7ED17B31C63DED700CA7B2A /* Debug */ = {
			isa = XCBuildConfiguration;
			buildSettings = {
				ALWAYS_SEARCH_USER_PATHS = NO;
				CLANG_CXX_LANGUAGE_STANDARD = "gnu++0x";
				CLANG_CXX_LIBRARY = "libc++";
				CLANG_ENABLE_MODULES = YES;
				CLANG_ENABLE_OBJC_ARC = YES;
				CLANG_WARN_BOOL_CONVERSION = YES;
				CLANG_WARN_CONSTANT_CONVERSION = YES;
				CLANG_WARN_DIRECT_OBJC_ISA_USAGE = YES_ERROR;
				CLANG_WARN_EMPTY_BODY = YES;
				CLANG_WARN_ENUM_CONVERSION = YES;
				CLANG_WARN_INT_CONVERSION = YES;
				CLANG_WARN_OBJC_ROOT_CLASS = YES_ERROR;
				CLANG_WARN_UNREACHABLE_CODE = YES;
				CLANG_WARN__DUPLICATE_METHOD_MATCH = YES;
				"CODE_SIGN_IDENTITY[sdk=iphoneos*]" = "iPhone Developer";
				COPY_PHASE_STRIP = NO;
				DEBUG_INFORMATION_FORMAT = dwarf;
				ENABLE_STRICT_OBJC_MSGSEND = YES;
				ENABLE_TESTABILITY = YES;
				GCC_C_LANGUAGE_STANDARD = gnu99;
				GCC_DYNAMIC_NO_PIC = NO;
				GCC_NO_COMMON_BLOCKS = YES;
				GCC_OPTIMIZATION_LEVEL = 0;
				GCC_PREPROCESSOR_DEFINITIONS = (
					"DEBUG=1",
					"$(inherited)",
				);
				GCC_WARN_64_TO_32_BIT_CONVERSION = YES;
				GCC_WARN_ABOUT_RETURN_TYPE = YES_ERROR;
				GCC_WARN_UNDECLARED_SELECTOR = YES;
				GCC_WARN_UNINITIALIZED_AUTOS = YES_AGGRESSIVE;
				GCC_WARN_UNUSED_FUNCTION = YES;
				GCC_WARN_UNUSED_VARIABLE = YES;
				IPHONEOS_DEPLOYMENT_TARGET = 9.2;
				MTL_ENABLE_DEBUG_INFO = YES;
				ONLY_ACTIVE_ARCH = YES;
				SDKROOT = iphoneos;
				SWIFT_OPTIMIZATION_LEVEL = "-Onone";
			};
			name = Debug;
		};
		D7ED17B41C63DED700CA7B2A /* Release */ = {
			isa = XCBuildConfiguration;
			buildSettings = {
				ALWAYS_SEARCH_USER_PATHS = NO;
				CLANG_CXX_LANGUAGE_STANDARD = "gnu++0x";
				CLANG_CXX_LIBRARY = "libc++";
				CLANG_ENABLE_MODULES = YES;
				CLANG_ENABLE_OBJC_ARC = YES;
				CLANG_WARN_BOOL_CONVERSION = YES;
				CLANG_WARN_CONSTANT_CONVERSION = YES;
				CLANG_WARN_DIRECT_OBJC_ISA_USAGE = YES_ERROR;
				CLANG_WARN_EMPTY_BODY = YES;
				CLANG_WARN_ENUM_CONVERSION = YES;
				CLANG_WARN_INT_CONVERSION = YES;
				CLANG_WARN_OBJC_ROOT_CLASS = YES_ERROR;
				CLANG_WARN_UNREACHABLE_CODE = YES;
				CLANG_WARN__DUPLICATE_METHOD_MATCH = YES;
				"CODE_SIGN_IDENTITY[sdk=iphoneos*]" = "iPhone Developer";
				COPY_PHASE_STRIP = NO;
				DEBUG_INFORMATION_FORMAT = "dwarf-with-dsym";
				ENABLE_NS_ASSERTIONS = NO;
				ENABLE_STRICT_OBJC_MSGSEND = YES;
				GCC_C_LANGUAGE_STANDARD = gnu99;
				GCC_NO_COMMON_BLOCKS = YES;
				GCC_WARN_64_TO_32_BIT_CONVERSION = YES;
				GCC_WARN_ABOUT_RETURN_TYPE = YES_ERROR;
				GCC_WARN_UNDECLARED_SELECTOR = YES;
				GCC_WARN_UNINITIALIZED_AUTOS = YES_AGGRESSIVE;
				GCC_WARN_UNUSED_FUNCTION = YES;
				GCC_WARN_UNUSED_VARIABLE = YES;
				IPHONEOS_DEPLOYMENT_TARGET = 9.2;
				MTL_ENABLE_DEBUG_INFO = NO;
				SDKROOT = iphoneos;
				VALIDATE_PRODUCT = YES;
			};
			name = Release;
		};
		D7ED17B61C63DED700CA7B2A /* Debug */ = {
			isa = XCBuildConfiguration;
			buildSettings = {
				ASSETCATALOG_COMPILER_APPICON_NAME = AppIcon;
				INFOPLIST_FILE = AstroObservationLog/Info.plist;
				LD_RUNPATH_SEARCH_PATHS = "$(inherited) @executable_path/Frameworks";
				PRODUCT_BUNDLE_IDENTIFIER = com.lovering.AstroObservationLog;
				PRODUCT_NAME = "$(TARGET_NAME)";
			};
			name = Debug;
		};
		D7ED17B71C63DED700CA7B2A /* Release */ = {
			isa = XCBuildConfiguration;
			buildSettings = {
				ASSETCATALOG_COMPILER_APPICON_NAME = AppIcon;
				INFOPLIST_FILE = AstroObservationLog/Info.plist;
				LD_RUNPATH_SEARCH_PATHS = "$(inherited) @executable_path/Frameworks";
				PRODUCT_BUNDLE_IDENTIFIER = com.lovering.AstroObservationLog;
				PRODUCT_NAME = "$(TARGET_NAME)";
			};
			name = Release;
		};
/* End XCBuildConfiguration section */

/* Begin XCConfigurationList section */
		D7ED179E1C63DED700CA7B2A /* Build configuration list for PBXProject "AstroObservationLog" */ = {
			isa = XCConfigurationList;
			buildConfigurations = (
				D7ED17B31C63DED700CA7B2A /* Debug */,
				D7ED17B41C63DED700CA7B2A /* Release */,
			);
			defaultConfigurationIsVisible = 0;
			defaultConfigurationName = Release;
		};
		D7ED17B51C63DED700CA7B2A /* Build configuration list for PBXNativeTarget "AstroObservationLog" */ = {
			isa = XCConfigurationList;
			buildConfigurations = (
				D7ED17B61C63DED700CA7B2A /* Debug */,
				D7ED17B71C63DED700CA7B2A /* Release */,
			);
			defaultConfigurationIsVisible = 0;
			defaultConfigurationName = Release;
		};
/* End XCConfigurationList section */
	};
	rootObject = D7ED179B1C63DED700CA7B2A /* Project object */;
}
